
Microsoft Visual Studio Solution File, Format Version 12.00
# Visual Studio Version 17
VisualStudioVersion = 17.0.32002.185
MinimumVisualStudioVersion = 10.0.40219.1
Project("{9A19103F-16F7-4668-BE54-9A1E7A4F7556}") = "EquationForTwoPoints", "EquationForTwoPoints\EquationForTwoPoints.csproj", "{45BE421D-97E3-4A9B-9B79-9169CFA0B242}"
EndProject
Project("{9A19103F-16F7-4668-BE54-9A1E7A4F7556}") = "EquationForTwoPointsTests", "EquationForTwoPointsTests\EquationForTwoPointsTests.csproj", "{2AB46BDA-F8BB-46ED-86DC-A17A8C14779E}"
EndProject
Global
	GlobalSection(SolutionConfigurationPlatforms) = preSolution
		Debug|Any CPU = Debug|Any CPU
		Release|Any CPU = Release|Any CPU
	EndGlobalSection
	GlobalSection(ProjectConfigurationPlatforms) = postSolution
		{45BE421D-97E3-4A9B-9B79-9169CFA0B242}.Debug|Any CPU.ActiveCfg = Debug|Any CPU
		{45BE421D-97E3-4A9B-9B79-9169CFA0B242}.Debug|Any CPU.Build.0 = Debug|Any CPU
		{45BE421D-97E3-4A9B-9B79-9169CFA0B242}.Release|Any CPU.ActiveCfg = Release|Any CPU
		{45BE421D-97E3-4A9B-9B79-9169CFA0B242}.Release|Any CPU.Build.0 = Release|Any CPU
		{2AB46BDA-F8BB-46ED-86DC-A17A8C14779E}.Debug|Any CPU.ActiveCfg = Debug|Any CPU
		{2AB46BDA-F8BB-46ED-86DC-A17A8C14779E}.Debug|Any CPU.Build.0 = Debug|Any CPU
		{2AB46BDA-F8BB-46ED-86DC-A17A8C14779E}.Release|Any CPU.ActiveCfg = Release|Any CPU
		{2AB46BDA-F8BB-46ED-86DC-A17A8C14779E}.Release|Any CPU.Build.0 = Release|Any CPU
	EndGlobalSection
	GlobalSection(SolutionProperties) = preSolution
		HideSolutionNode = FALSE
	EndGlobalSection
	GlobalSection(ExtensibilityGlobals) = postSolution
		SolutionGuid = {287B6B00-970E-47B7-A7C5-1F5F14A10B07}
	EndGlobalSection
EndGlobal
